
Microsoft Visual Studio Solution File, Format Version 12.00
# Visual Studio 2012
Project("{FAE04EC0-301F-11D3-BF4B-00C04F79EFBC}") = "BarcodeScanner.Android", "BarcodeScanner.Android\BarcodeScanner.Android.csproj", "{88CA9457-BB9F-4F95-A64A-A0A52869CF01}"
EndProject
Project("{FAE04EC0-301F-11D3-BF4B-00C04F79EFBC}") = "BarcodeScanner.iOS", "BarcodeScanner.iOS\BarcodeScanner.iOS.csproj", "{2F73127A-7C5F-47F5-9CF4-46F534270F71}"
EndProject
Project("{FAE04EC0-301F-11D3-BF4B-00C04F79EFBC}") = "BarcodeScanner", "BarcodeScanner\BarcodeScanner.csproj", "{127DF37C-3089-4DE0-8CA9-65EF684ACB08}"
EndProject
Global
	GlobalSection(SolutionConfigurationPlatforms) = preSolution
		Debug|Any CPU = Debug|Any CPU
		Release|Any CPU = Release|Any CPU
		Debug|iPhoneSimulator = Debug|iPhoneSimulator
		Release|iPhoneSimulator = Release|iPhoneSimulator
		Debug|iPhone = Debug|iPhone
		Release|iPhone = Release|iPhone
		Ad-Hoc|iPhone = Ad-Hoc|iPhone
		AppStore|iPhone = AppStore|iPhone
	EndGlobalSection
	GlobalSection(ProjectConfigurationPlatforms) = postSolution
		{88CA9457-BB9F-4F95-A64A-A0A52869CF01}.Debug|Any CPU.ActiveCfg = Debug|Any CPU
		{88CA9457-BB9F-4F95-A64A-A0A52869CF01}.Debug|Any CPU.Build.0 = Debug|Any CPU
		{88CA9457-BB9F-4F95-A64A-A0A52869CF01}.Release|Any CPU.ActiveCfg = Release|Any CPU
		{88CA9457-BB9F-4F95-A64A-A0A52869CF01}.Release|Any CPU.Build.0 = Release|Any CPU
		{88CA9457-BB9F-4F95-A64A-A0A52869CF01}.Debug|iPhoneSimulator.ActiveCfg = Debug|Any CPU
		{88CA9457-BB9F-4F95-A64A-A0A52869CF01}.Debug|iPhoneSimulator.Build.0 = Debug|Any CPU
		{88CA9457-BB9F-4F95-A64A-A0A52869CF01}.Release|iPhoneSimulator.ActiveCfg = Release|Any CPU
		{88CA9457-BB9F-4F95-A64A-A0A52869CF01}.Release|iPhoneSimulator.Build.0 = Release|Any CPU
		{88CA9457-BB9F-4F95-A64A-A0A52869CF01}.Debug|iPhone.ActiveCfg = Debug|Any CPU
		{88CA9457-BB9F-4F95-A64A-A0A52869CF01}.Debug|iPhone.Build.0 = Debug|Any CPU
		{88CA9457-BB9F-4F95-A64A-A0A52869CF01}.Release|iPhone.ActiveCfg = Release|Any CPU
		{88CA9457-BB9F-4F95-A64A-A0A52869CF01}.Release|iPhone.Build.0 = Release|Any CPU
		{88CA9457-BB9F-4F95-A64A-A0A52869CF01}.Ad-Hoc|iPhone.ActiveCfg = Debug|Any CPU
		{88CA9457-BB9F-4F95-A64A-A0A52869CF01}.Ad-Hoc|iPhone.Build.0 = Debug|Any CPU
		{88CA9457-BB9F-4F95-A64A-A0A52869CF01}.AppStore|iPhone.ActiveCfg = Debug|Any CPU
		{88CA9457-BB9F-4F95-A64A-A0A52869CF01}.AppStore|iPhone.Build.0 = Debug|Any CPU
		{2F73127A-7C5F-47F5-9CF4-46F534270F71}.Debug|Any CPU.ActiveCfg = Debug|iPhoneSimulator
		{2F73127A-7C5F-47F5-9CF4-46F534270F71}.Debug|Any CPU.Build.0 = Debug|iPhoneSimulator
		{2F73127A-7C5F-47F5-9CF4-46F534270F71}.Release|Any CPU.ActiveCfg = Release|iPhoneSimulator
		{2F73127A-7C5F-47F5-9CF4-46F534270F71}.Release|Any CPU.Build.0 = Release|iPhoneSimulator
		{2F73127A-7C5F-47F5-9CF4-46F534270F71}.Debug|iPhoneSimulator.ActiveCfg = Debug|iPhoneSimulator
		{2F73127A-7C5F-47F5-9CF4-46F534270F71}.Debug|iPhoneSimulator.Build.0 = Debug|iPhoneSimulator
		{2F73127A-7C5F-47F5-9CF4-46F534270F71}.Release|iPhoneSimulator.ActiveCfg = Release|iPhoneSimulator
		{2F73127A-7C5F-47F5-9CF4-46F534270F71}.Release|iPhoneSimulator.Build.0 = Release|iPhoneSimulator
		{2F73127A-7C5F-47F5-9CF4-46F534270F71}.Debug|iPhone.ActiveCfg = Debug|iPhone
		{2F73127A-7C5F-47F5-9CF4-46F534270F71}.Debug|iPhone.Build.0 = Debug|iPhone
		{2F73127A-7C5F-47F5-9CF4-46F534270F71}.Release|iPhone.ActiveCfg = Release|iPhone
		{2F73127A-7C5F-47F5-9CF4-46F534270F71}.Release|iPhone.Build.0 = Release|iPhone
		{2F73127A-7C5F-47F5-9CF4-46F534270F71}.Ad-Hoc|iPhone.ActiveCfg = Ad-Hoc|iPhone
		{2F73127A-7C5F-47F5-9CF4-46F534270F71}.Ad-Hoc|iPhone.Build.0 = Ad-Hoc|iPhone
		{2F73127A-7C5F-47F5-9CF4-46F534270F71}.AppStore|iPhone.ActiveCfg = AppStore|iPhone
		{2F73127A-7C5F-47F5-9CF4-46F534270F71}.AppStore|iPhone.Build.0 = AppStore|iPhone
		{127DF37C-3089-4DE0-8CA9-65EF684ACB08}.Debug|Any CPU.ActiveCfg = Debug|Any CPU
		{127DF37C-3089-4DE0-8CA9-65EF684ACB08}.Debug|Any CPU.Build.0 = Debug|Any CPU
		{127DF37C-3089-4DE0-8CA9-65EF684ACB08}.Release|Any CPU.ActiveCfg = Release|Any CPU
		{127DF37C-3089-4DE0-8CA9-65EF684ACB08}.Release|Any CPU.Build.0 = Release|Any CPU
		{127DF37C-3089-4DE0-8CA9-65EF684ACB08}.Debug|iPhoneSimulator.ActiveCfg = Debug|Any CPU
		{127DF37C-3089-4DE0-8CA9-65EF684ACB08}.Debug|iPhoneSimulator.Build.0 = Debug|Any CPU
		{127DF37C-3089-4DE0-8CA9-65EF684ACB08}.Release|iPhoneSimulator.ActiveCfg = Release|Any CPU
		{127DF37C-3089-4DE0-8CA9-65EF684ACB08}.Release|iPhoneSimulator.Build.0 = Release|Any CPU
		{127DF37C-3089-4DE0-8CA9-65EF684ACB08}.Debug|iPhone.ActiveCfg = Debug|Any CPU
		{127DF37C-3089-4DE0-8CA9-65EF684ACB08}.Debug|iPhone.Build.0 = Debug|Any CPU
		{127DF37C-3089-4DE0-8CA9-65EF684ACB08}.Release|iPhone.ActiveCfg = Release|Any CPU
		{127DF37C-3089-4DE0-8CA9-65EF684ACB08}.Release|iPhone.Build.0 = Release|Any CPU
		{127DF37C-3089-4DE0-8CA9-65EF684ACB08}.Ad-Hoc|iPhone.ActiveCfg = Debug|Any CPU
		{127DF37C-3089-4DE0-8CA9-65EF684ACB08}.Ad-Hoc|iPhone.Build.0 = Debug|Any CPU
		{127DF37C-3089-4DE0-8CA9-65EF684ACB08}.AppStore|iPhone.ActiveCfg = Debug|Any CPU
		{127DF37C-3089-4DE0-8CA9-65EF684ACB08}.AppStore|iPhone.Build.0 = Debug|Any CPU
	EndGlobalSection
EndGlobal
